{
  "name": "low-earth-orbit-visualization",
  "version": "1.0.0",
  "lockfileVersion": 2,
  "requires": true,
  "packages": {
    "": {
      "name": "low-earth-orbit-visualization",
      "version": "1.0.0",
      "license": "ISC",
      "devDependencies": {
        "@types/leaflet": "^1.7.10"
      }
    },
    "node_modules/@types/geojson": {
      "version": "7946.0.8",
      "resolved": "https://registry.npmjs.org/@types/geojson/-/geojson-7946.0.8.tgz",
      "integrity": "sha512-1rkryxURpr6aWP7R786/UQOkJ3PcpQiWkAXBmdWc7ryFWqN6a4xfK7BtjXvFBKO9LjQ+MWQSWxYeZX1OApnArA==",
      "dev": true
    },
    "node_modules/@types/leaflet": {
      "version": "1.7.10",
      "resolved": "https://registry.npmjs.org/@types/leaflet/-/leaflet-1.7.10.tgz",
      "integrity": "sha512-RzK5BYwYboOXXxyF01tp8g1J8UbdRvoaf+F/jCnVaWC42+QITB6wKvUklcX7jCMRWkzTnGO9NLg7A6SzrlGALA==",
      "dev": true,
      "dependencies": {
        "@types/geojson": "*"
      }
    }
  },
  "dependencies": {
    "@types/geojson": {
      "version": "7946.0.8",
      "resolved": "https://registry.npmjs.org/@types/geojson/-/geojson-7946.0.8.tgz",
      "integrity": "sha512-1rkryxURpr6aWP7R786/UQOkJ3PcpQiWkAXBmdWc7ryFWqN6a4xfK7BtjXvFBKO9LjQ+MWQSWxYeZX1OApnArA==",
      "dev": true
    },
    "@types/leaflet": {
      "version": "1.7.10",
      "resolved": "https://registry.npmjs.org/@types/leaflet/-/leaflet-1.7.10.tgz",
      "integrity": "sha512-RzK5BYwYboOXXxyF01tp8g1J8UbdRvoaf+F/jCnVaWC42+QITB6wKvUklcX7jCMRWkzTnGO9NLg7A6SzrlGALA==",
      "dev": true,
      "requires": {
        "@types/geojson": "*"
      }
    }
  }
}
